<Solution>
  <Project Path="AgroSolutions.Alerts.Api/AgroSolutions.Alerts.Api.csproj" />
  <Project Path="AgroSolutions.Alerts.Application/AgroSolutions.Alerts.Application.csproj" />
  <Project Path="AgroSolutions.Alerts.Domain/AgroSolutions.Alerts.Domain.csproj" />
  <Project Path="AgroSolutions.Alerts.Infrastructure/AgroSolutions.Alerts.Infrastructure.csproj" />
</Solution>
